
Microsoft Visual Studio Solution File, Format Version 12.00
# Visual Studio Version 17
VisualStudioVersion = 17.7.34024.191
MinimumVisualStudioVersion = 10.0.40219.1
Project("{FAE04EC0-301F-11D3-BF4B-00C04F79EFBC}") = "PostingService", "PostingService\PostingService.csproj", "{F2BA192C-2AF8-4424-994E-EBC8347D1280}"
EndProject
Project("{9A19103F-16F7-4668-BE54-9A1E7A4F7556}") = "PostingService.IntegrationTests", "PostingService.IntegrationTests\PostingService.IntegrationTests.csproj", "{5247ED8B-949A-4BB9-B989-B51F0DF25B6E}"
EndProject
Project("{9A19103F-16F7-4668-BE54-9A1E7A4F7556}") = "PostingService.UnitTests", "PostingService.UnitTests\PostingService.UnitTests.csproj", "{07938A54-DCD1-4C8E-9520-8192E60A7E8D}"
EndProject
Global
	GlobalSection(SolutionConfigurationPlatforms) = preSolution
		Debug|Any CPU = Debug|Any CPU
		Release|Any CPU = Release|Any CPU
	EndGlobalSection
	GlobalSection(ProjectConfigurationPlatforms) = postSolution
		{F2BA192C-2AF8-4424-994E-EBC8347D1280}.Debug|Any CPU.ActiveCfg = Debug|Any CPU
		{F2BA192C-2AF8-4424-994E-EBC8347D1280}.Debug|Any CPU.Build.0 = Debug|Any CPU
		{F2BA192C-2AF8-4424-994E-EBC8347D1280}.Release|Any CPU.ActiveCfg = Release|Any CPU
		{F2BA192C-2AF8-4424-994E-EBC8347D1280}.Release|Any CPU.Build.0 = Release|Any CPU
		{5247ED8B-949A-4BB9-B989-B51F0DF25B6E}.Debug|Any CPU.ActiveCfg = Debug|Any CPU
		{5247ED8B-949A-4BB9-B989-B51F0DF25B6E}.Debug|Any CPU.Build.0 = Debug|Any CPU
		{5247ED8B-949A-4BB9-B989-B51F0DF25B6E}.Release|Any CPU.ActiveCfg = Release|Any CPU
		{5247ED8B-949A-4BB9-B989-B51F0DF25B6E}.Release|Any CPU.Build.0 = Release|Any CPU
		{07938A54-DCD1-4C8E-9520-8192E60A7E8D}.Debug|Any CPU.ActiveCfg = Debug|Any CPU
		{07938A54-DCD1-4C8E-9520-8192E60A7E8D}.Debug|Any CPU.Build.0 = Debug|Any CPU
		{07938A54-DCD1-4C8E-9520-8192E60A7E8D}.Release|Any CPU.ActiveCfg = Release|Any CPU
		{07938A54-DCD1-4C8E-9520-8192E60A7E8D}.Release|Any CPU.Build.0 = Release|Any CPU
	EndGlobalSection
	GlobalSection(SolutionProperties) = preSolution
		HideSolutionNode = FALSE
	EndGlobalSection
	GlobalSection(ExtensibilityGlobals) = postSolution
		SolutionGuid = {8ECA3C2F-0226-4072-A473-FC0DC712C04A}
	EndGlobalSection
EndGlobal
